# This file is automatically @generated by Cargo.
# It is not intended for manual editing.
version = 3

[[package]]
name = "time-tracker"
version = "0.1.0"
dependencies = [
 "time-tracker-core",
]

[[package]]
name = "time-tracker-core"
version = "0.1.0"
source = "git+https://github.com/Wagomu056/time-tracker-core.git#85b94f7d5378711ef388293eac0ea03ef80ea9a0"
